// !$*UTF8*$!
{
	archiveVersion = 1;
	classes = {
	};
	objectVersion = 50;
	objects = {

/* Begin PBXBuildFile section */
		A5928CBA2320176B003F344E /* AppDelegate.m in Sources */ = {isa = PBXBuildFile; fileRef = A5928CB92320176B003F344E /* AppDelegate.m */; };
		A5928CBC2320176C003F344E /* Assets.xcassets in Resources */ = {isa = PBXBuildFile; fileRef = A5928CBB2320176C003F344E /* Assets.xcassets */; };
		A5928CBF2320176C003F344E /* MainMenu.xib in Resources */ = {isa = PBXBuildFile; fileRef = A5928CBD2320176C003F344E /* MainMenu.xib */; };
		A5928CC22320176C003F344E /* main.m in Sources */ = {isa = PBXBuildFile; fileRef = A5928CC12320176C003F344E /* main.m */; };
		A5EB6865232020C9009A6CB3 /* FJViewController.m in Sources */ = {isa = PBXBuildFile; fileRef = A5EB6864232020C9009A6CB3 /* FJViewController.m */; };
/* End PBXBuildFile section */

/* Begin PBXFileReference section */
		A5928CB52320176B003F344E /* MenuDemo.app */ = {isa = PBXFileReference; explicitFileType = wrapper.application; includeInIndex = 0; path = MenuDemo.app; sourceTree = BUILT_PRODUCTS_DIR; };
		A5928CB82320176B003F344E /* AppDelegate.h */ = {isa = PBXFileReference; lastKnownFileType = sourcecode.c.h; path = AppDelegate.h; sourceTree = "<group>"; };
		A5928CB92320176B003F344E /* AppDelegate.m */ = {isa = PBXFileReference; lastKnownFileType = sourcecode.c.objc; path = AppDelegate.m; sourceTree = "<group>"; };
		A5928CBB2320176C003F344E /* Assets.xcassets */ = {isa = PBXFileReference; lastKnownFileType = folder.assetcatalog; path = Assets.xcassets; sourceTree = "<group>"; };
		A5928CBE2320176C003F344E /* Base */ = {isa = PBXFileReference; lastKnownFileType = file.xib; name = Base; path = Base.lproj/MainMenu.xib; sourceTree = "<group>"; };
		A5928CC02320176C003F344E /* Info.plist */ = {isa = PBXFileReference; lastKnownFileType = text.plist.xml; path = Info.plist; sourceTree = "<group>"; };
		A5928CC12320176C003F344E /* main.m */ = {isa = PBXFileReference; lastKnownFileType = sourcecode.c.objc; path = main.m; sourceTree = "<group>"; };
		A5928CC32320176C003F344E /* MenuDemo.entitlements */ = {isa = PBXFileReference; lastKnownFileType = text.plist.entitlements; path = MenuDemo.entitlements; sourceTree = "<group>"; };
		A5EB6863232020C9009A6CB3 /* FJViewController.h */ = {isa = PBXFileReference; lastKnownFileType = sourcecode.c.h; path = FJViewController.h; sourceTree = "<group>"; };
		A5EB6864232020C9009A6CB3 /* FJViewController.m */ = {isa = PBXFileReference; lastKnownFileType = sourcecode.c.objc; path = FJViewController.m; sourceTree = "<group>"; };
/* End PBXFileReference section */

/* Begin PBXFrameworksBuildPhase section */
		A5928CB22320176B003F344E /* Frameworks */ = {
			isa = PBXFrameworksBuildPhase;
			buildActionMask = 2147483647;
			files = (
			);
			runOnlyForDeploymentPostprocessing = 0;
		};
/* End PBXFrameworksBuildPhase section */

/* Begin PBXGroup section */
		A5928CAC2320176A003F344E = {
			isa = PBXGroup;
			children = (
				A5928CB72320176B003F344E /* MenuDemo */,
				A5928CB62320176B003F344E /* Products */,
			);
			sourceTree = "<group>";
		};
		A5928CB62320176B003F344E /* Products */ = {
			isa = PBXGroup;
			children = (
				A5928CB52320176B003F344E /* MenuDemo.app */,
			);
			name = Products;
			sourceTree = "<group>";
		};
		A5928CB72320176B003F344E /* MenuDemo */ = {
			isa = PBXGroup;
			children = (
				A5928CB82320176B003F344E /* AppDelegate.h */,
				A5928CB92320176B003F344E /* AppDelegate.m */,
				A5928CBB2320176C003F344E /* Assets.xcassets */,
				A5928CBD2320176C003F344E /* MainMenu.xib */,
				A5928CC02320176C003F344E /* Info.plist */,
				A5928CC12320176C003F344E /* main.m */,
				A5928CC32320176C003F344E /* MenuDemo.entitlements */,
				A5EB6863232020C9009A6CB3 /* FJViewController.h */,
				A5EB6864232020C9009A6CB3 /* FJViewController.m */,
			);
			path = MenuDemo;
			sourceTree = "<group>";
		};
/* End PBXGroup section */

/* Begin PBXNativeTarget section */
		A5928CB42320176B003F344E /* MenuDemo */ = {
			isa = PBXNativeTarget;
			buildConfigurationList = A5928CC62320176C003F344E /* Build configuration list for PBXNativeTarget "MenuDemo" */;
			buildPhases = (
				A5928CB12320176B003F344E /* Sources */,
				A5928CB22320176B003F344E /* Frameworks */,
				A5928CB32320176B003F344E /* Resources */,
			);
			buildRules = (
			);
			dependencies = (
			);
			name = MenuDemo;
			productName = MenuDemo;
			productReference = A5928CB52320176B003F344E /* MenuDemo.app */;
			productType = "com.apple.product-type.application";
		};
/* End PBXNativeTarget section */

/* Begin PBXProject section */
		A5928CAD2320176A003F344E /* Project object */ = {
			isa = PBXProject;
			attributes = {
				LastUpgradeCheck = 1030;
				ORGANIZATIONNAME = "熊伟";
				TargetAttributes = {
					A5928CB42320176B003F344E = {
						CreatedOnToolsVersion = 10.3;
					};
				};
			};
			buildConfigurationList = A5928CB02320176A003F344E /* Build configuration list for PBXProject "MenuDemo" */;
			compatibilityVersion = "Xcode 9.3";
			developmentRegion = en;
			hasScannedForEncodings = 0;
			knownRegions = (
				en,
				Base,
			);
			mainGroup = A5928CAC2320176A003F344E;
			productRefGroup = A5928CB62320176B003F344E /* Products */;
			projectDirPath = "";
			projectRoot = "";
			targets = (
				A5928CB42320176B003F344E /* MenuDemo */,
			);
		};
/* End PBXProject section */

/* Begin PBXResourcesBuildPhase section */
		A5928CB32320176B003F344E /* Resources */ = {
			isa = PBXResourcesBuildPhase;
			buildActionMask = 2147483647;
			files = (
				A5928CBC2320176C003F344E /* Assets.xcassets in Resources */,
				A5928CBF2320176C003F344E /* MainMenu.xib in Resources */,
			);
			runOnlyForDeploymentPostprocessing = 0;
		};
/* End PBXResourcesBuildPhase section */

/* Begin PBXSourcesBuildPhase section */
		A5928CB12320176B003F344E /* Sources */ = {
			isa = PBXSourcesBuildPhase;
			buildActionMask = 2147483647;
			files = (
				A5928CC22320176C003F344E /* main.m in Sources */,
				A5928CBA2320176B003F344E /* AppDelegate.m in Sources */,
				A5EB6865232020C9009A6CB3 /* FJViewController.m in Sources */,
			);
			runOnlyForDeploymentPostprocessing = 0;
		};
/* End PBXSourcesBuildPhase section */

/* Begin PBXVariantGroup section */
		A5928CBD2320176C003F344E /* MainMenu.xib */ = {
			isa = PBXVariantGroup;
			children = (
				A5928CBE2320176C003F344E /* Base */,
			);
			name = MainMenu.xib;
			sourceTree = "<group>";
		};
/* End PBXVariantGroup section */

/* Begin XCBuildConfiguration section */
		A5928CC42320176C003F344E /* Debug */ = {
			isa = XCBuildConfiguration;
			buildSettings = {
				ALWAYS_SEARCH_USER_PATHS = NO;
				CLANG_ANALYZER_NONNULL = YES;
				CLANG_ANALYZER_NUMBER_OBJECT_CONVERSION = YES_AGGRESSIVE;
				CLANG_CXX_LANGUAGE_STANDARD = "gnu++14";
				CLANG_CXX_LIBRARY = "libc++";
				CLANG_ENABLE_MODULES = YES;
				CLANG_ENABLE_OBJC_ARC = YES;
				CLANG_ENABLE_OBJC_WEAK = YES;
				CLANG_WARN_BLOCK_CAPTURE_AUTORELEASING = YES;
				CLANG_WARN_BOOL_CONVERSION = YES;
				CLANG_WARN_COMMA = YES;
				CLANG_WARN_CONSTANT_CONVERSION = YES;
				CLANG_WARN_DEPRECATED_OBJC_IMPLEMENTATIONS = YES;
				CLANG_WARN_DIRECT_OBJC_ISA_USAGE = YES_ERROR;
				CLANG_WARN_DOCUMENTATION_COMMENTS = YES;
				CLANG_WARN_EMPTY_BODY = YES;
				CLANG_WARN_ENUM_CONVERSION = YES;
				CLANG_WARN_INFINITE_RECURSION = YES;
				CLANG_WARN_INT_CONVERSION = YES;
				CLANG_WARN_NON_LITERAL_NULL_CONVERSION = YES;
				CLANG_WARN_OBJC_IMPLICIT_RETAIN_SELF = YES;
				CLANG_WARN_OBJC_LITERAL_CONVERSION = YES;
				CLANG_WARN_OBJC_ROOT_CLASS = YES_ERROR;
				CLANG_WARN_RANGE_LOOP_ANALYSIS = YES;
				CLANG_WARN_STRICT_PROTOTYPES = YES;
				CLANG_WARN_SUSPICIOUS_MOVE = YES;
				CLANG_WARN_UNGUARDED_AVAILABILITY = YES_AGGRESSIVE;
				CLANG_WARN_UNREACHABLE_CODE = YES;
				CLANG_WARN__DUPLICATE_METHOD_MATCH = YES;
				CODE_SIGN_IDENTITY = "Mac Developer";
				COPY_PHASE_STRIP = NO;
				DEBUG_INFORMATION_FORMAT = dwarf;
				ENABLE_STRICT_OBJC_MSGSEND = YES;
				ENABLE_TESTABILITY = YES;
				GCC_C_LANGUAGE_STANDARD = gnu11;
				GCC_DYNAMIC_NO_PIC = NO;
				GCC_NO_COMMON_BLOCKS = YES;
				GCC_OPTIMIZATION_LEVEL = 0;
				GCC_PREPROCESSOR_DEFINITIONS = (
					"DEBUG=1",
					"$(inherited)",
				);
				GCC_WARN_64_TO_32_BIT_CONVERSION = YES;
				GCC_WARN_ABOUT_RETURN_TYPE = YES_ERROR;
				GCC_WARN_UNDECLARED_SELECTOR = YES;
				GCC_WARN_UNINITIALIZED_AUTOS = YES_AGGRESSIVE;
				GCC_WARN_UNUSED_FUNCTION = YES;
				GCC_WARN_UNUSED_VARIABLE = YES;
				MACOSX_DEPLOYMENT_TARGET = 10.14;
				MTL_ENABLE_DEBUG_INFO = INCLUDE_SOURCE;
				MTL_FAST_MATH = YES;
				ONLY_ACTIVE_ARCH = YES;
				SDKROOT = macosx;
			};
			name = Debug;
		};
		A5928CC52320176C003F344E /* Release */ = {
			isa = XCBuildConfiguration;
			buildSettings = {
				ALWAYS_SEARCH_USER_PATHS = NO;
				CLANG_ANALYZER_NONNULL = YES;
				CLANG_ANALYZER_NUMBER_OBJECT_CONVERSION = YES_AGGRESSIVE;
				CLANG_CXX_LANGUAGE_STANDARD = "gnu++14";
				CLANG_CXX_LIBRARY = "libc++";
				CLANG_ENABLE_MODULES = YES;
				CLANG_ENABLE_OBJC_ARC = YES;
				CLANG_ENABLE_OBJC_WEAK = YES;
				CLANG_WARN_BLOCK_CAPTURE_AUTORELEASING = YES;
				CLANG_WARN_BOOL_CONVERSION = YES;
				CLANG_WARN_COMMA = YES;
				CLANG_WARN_CONSTANT_CONVERSION = YES;
				CLANG_WARN_DEPRECATED_OBJC_IMPLEMENTATIONS = YES;
				CLANG_WARN_DIRECT_OBJC_ISA_USAGE = YES_ERROR;
				CLANG_WARN_DOCUMENTATION_COMMENTS = YES;
				CLANG_WARN_EMPTY_BODY = YES;
				CLANG_WARN_ENUM_CONVERSION = YES;
				CLANG_WARN_INFINITE_RECURSION = YES;
				CLANG_WARN_INT_CONVERSION = YES;
				CLANG_WARN_NON_LITERAL_NULL_CONVERSION = YES;
				CLANG_WARN_OBJC_IMPLICIT_RETAIN_SELF = YES;
				CLANG_WARN_OBJC_LITERAL_CONVERSION = YES;
				CLANG_WARN_OBJC_ROOT_CLASS = YES_ERROR;
				CLANG_WARN_RANGE_LOOP_ANALYSIS = YES;
				CLANG_WARN_STRICT_PROTOTYPES = YES;
				CLANG_WARN_SUSPICIOUS_MOVE = YES;
				CLANG_WARN_UNGUARDED_AVAILABILITY = YES_AGGRESSIVE;
				CLANG_WARN_UNREACHABLE_CODE = YES;
				CLANG_WARN__DUPLICATE_METHOD_MATCH = YES;
				CODE_SIGN_IDENTITY = "Mac Developer";
				COPY_PHASE_STRIP = NO;
				DEBUG_INFORMATION_FORMAT = "dwarf-with-dsym";
				ENABLE_NS_ASSERTIONS = NO;
				ENABLE_STRICT_OBJC_MSGSEND = YES;
				GCC_C_LANGUAGE_STANDARD = gnu11;
				GCC_NO_COMMON_BLOCKS = YES;
				GCC_WARN_64_TO_32_BIT_CONVERSION = YES;
				GCC_WARN_ABOUT_RETURN_TYPE = YES_ERROR;
				GCC_WARN_UNDECLARED_SELECTOR = YES;
				GCC_WARN_UNINITIALIZED_AUTOS = YES_AGGRESSIVE;
				GCC_WARN_UNUSED_FUNCTION = YES;
				GCC_WARN_UNUSED_VARIABLE = YES;
				MACOSX_DEPLOYMENT_TARGET = 10.14;
				MTL_ENABLE_DEBUG_INFO = NO;
				MTL_FAST_MATH = YES;
				SDKROOT = macosx;
			};
			name = Release;
		};
		A5928CC72320176C003F344E /* Debug */ = {
			isa = XCBuildConfiguration;
			buildSettings = {
				ASSETCATALOG_COMPILER_APPICON_NAME = AppIcon;
				CODE_SIGN_ENTITLEMENTS = MenuDemo/MenuDemo.entitlements;
				CODE_SIGN_STYLE = Automatic;
				COMBINE_HIDPI_IMAGES = YES;
				DEVELOPMENT_TEAM = 2FWNJCD9X7;
				INFOPLIST_FILE = MenuDemo/Info.plist;
				LD_RUNPATH_SEARCH_PATHS = (
					"$(inherited)",
					"@executable_path/../Frameworks",
				);
				PRODUCT_BUNDLE_IDENTIFIER = com.bearger.MenuDemo;
				PRODUCT_NAME = "$(TARGET_NAME)";
			};
			name = Debug;
		};
		A5928CC82320176C003F344E /* Release */ = {
			isa = XCBuildConfiguration;
			buildSettings = {
				ASSETCATALOG_COMPILER_APPICON_NAME = AppIcon;
				CODE_SIGN_ENTITLEMENTS = MenuDemo/MenuDemo.entitlements;
				CODE_SIGN_STYLE = Automatic;
				COMBINE_HIDPI_IMAGES = YES;
				DEVELOPMENT_TEAM = 2FWNJCD9X7;
				INFOPLIST_FILE = MenuDemo/Info.plist;
				LD_RUNPATH_SEARCH_PATHS = (
					"$(inherited)",
					"@executable_path/../Frameworks",
				);
				PRODUCT_BUNDLE_IDENTIFIER = com.bearger.MenuDemo;
				PRODUCT_NAME = "$(TARGET_NAME)";
			};
			name = Release;
		};
/* End XCBuildConfiguration section */

/* Begin XCConfigurationList section */
		A5928CB02320176A003F344E /* Build configuration list for PBXProject "MenuDemo" */ = {
			isa = XCConfigurationList;
			buildConfigurations = (
				A5928CC42320176C003F344E /* Debug */,
				A5928CC52320176C003F344E /* Release */,
			);
			defaultConfigurationIsVisible = 0;
			defaultConfigurationName = Release;
		};
		A5928CC62320176C003F344E /* Build configuration list for PBXNativeTarget "MenuDemo" */ = {
			isa = XCConfigurationList;
			buildConfigurations = (
				A5928CC72320176C003F344E /* Debug */,
				A5928CC82320176C003F344E /* Release */,
			);
			defaultConfigurationIsVisible = 0;
			defaultConfigurationName = Release;
		};
/* End XCConfigurationList section */
	};
	rootObject = A5928CAD2320176A003F344E /* Project object */;
}
